
Microsoft Visual Studio Solution File, Format Version 12.00
# Visual Studio 2012
Project("{FAE04EC0-301F-11D3-BF4B-00C04F79EFBC}") = "GotToGo", "GotToGo\GotToGo.csproj", "{2012C566-B9E3-4CBE-BBBF-A1FC188FD724}"
EndProject
Global
	GlobalSection(SolutionConfigurationPlatforms) = preSolution
		Debug|Any CPU = Debug|Any CPU
		Release|Any CPU = Release|Any CPU
	EndGlobalSection
	GlobalSection(ProjectConfigurationPlatforms) = postSolution
		{2012C566-B9E3-4CBE-BBBF-A1FC188FD724}.Debug|Any CPU.ActiveCfg = Debug|Any CPU
		{2012C566-B9E3-4CBE-BBBF-A1FC188FD724}.Debug|Any CPU.Build.0 = Debug|Any CPU
		{2012C566-B9E3-4CBE-BBBF-A1FC188FD724}.Release|Any CPU.ActiveCfg = Release|Any CPU
		{2012C566-B9E3-4CBE-BBBF-A1FC188FD724}.Release|Any CPU.Build.0 = Release|Any CPU
	EndGlobalSection
	GlobalSection(SolutionProperties) = preSolution
		HideSolutionNode = FALSE
	EndGlobalSection
EndGlobal
